// !$*UTF8*$!
{
	archiveVersion = 1;
	classes = {
	};
	objectVersion = 56;
	objects = {

/* Begin PBXBuildFile section */
		850C49B32A5153EE000FA96F /* MoveIsLegal.swift in Sources */ = {isa = PBXBuildFile; fileRef = 850C49B22A5153EE000FA96F /* MoveIsLegal.swift */; };
		850C49B52A5157DB000FA96F /* Player.swift in Sources */ = {isa = PBXBuildFile; fileRef = 850C49B42A5157DB000FA96F /* Player.swift */; };
		85299B8C2A4FFFEF0098256B /* ChessApp.swift in Sources */ = {isa = PBXBuildFile; fileRef = 85299B8B2A4FFFEF0098256B /* ChessApp.swift */; };
		85299B8E2A4FFFEF0098256B /* ContentView.swift in Sources */ = {isa = PBXBuildFile; fileRef = 85299B8D2A4FFFEF0098256B /* ContentView.swift */; };
		85299B902A4FFFF00098256B /* Assets.xcassets in Resources */ = {isa = PBXBuildFile; fileRef = 85299B8F2A4FFFF00098256B /* Assets.xcassets */; };
		85299B932A4FFFF00098256B /* Preview Assets.xcassets in Resources */ = {isa = PBXBuildFile; fileRef = 85299B922A4FFFF00098256B /* Preview Assets.xcassets */; };
		85299B9E2A4FFFF00098256B /* ChessTests.swift in Sources */ = {isa = PBXBuildFile; fileRef = 85299B9D2A4FFFF00098256B /* ChessTests.swift */; };
		85299BA82A4FFFF10098256B /* ChessUITests.swift in Sources */ = {isa = PBXBuildFile; fileRef = 85299BA72A4FFFF10098256B /* ChessUITests.swift */; };
		85299BAA2A4FFFF10098256B /* ChessUITestsLaunchTests.swift in Sources */ = {isa = PBXBuildFile; fileRef = 85299BA92A4FFFF10098256B /* ChessUITestsLaunchTests.swift */; };
		85299BB72A5000150098256B /* CreateBoard.swift in Sources */ = {isa = PBXBuildFile; fileRef = 85299BB62A5000150098256B /* CreateBoard.swift */; };
		85299BB92A500D3B0098256B /* Piece.swift in Sources */ = {isa = PBXBuildFile; fileRef = 85299BB82A500D3B0098256B /* Piece.swift */; };
		85299BBB2A500DC30098256B /* Board.swift in Sources */ = {isa = PBXBuildFile; fileRef = 85299BBA2A500DC30098256B /* Board.swift */; };
		85299BBD2A5075E10098256B /* Int+toPiece.swift in Sources */ = {isa = PBXBuildFile; fileRef = 85299BBC2A5075E10098256B /* Int+toPiece.swift */; };
		85299BBF2A5076220098256B /* ChessPiece.swift in Sources */ = {isa = PBXBuildFile; fileRef = 85299BBE2A5076220098256B /* ChessPiece.swift */; };
		85299BC12A50AE5C0098256B /* Chess.swift in Sources */ = {isa = PBXBuildFile; fileRef = 85299BC02A50AE5C0098256B /* Chess.swift */; };
		85B7494F2A533E2600736201 /* MoveOffset.swift in Sources */ = {isa = PBXBuildFile; fileRef = 85B7494E2A533E2600736201 /* MoveOffset.swift */; };
		85DACE782A54828900121A9E /* Offsets.swift in Sources */ = {isa = PBXBuildFile; fileRef = 85DACE772A54828900121A9E /* Offsets.swift */; };
/* End PBXBuildFile section */

/* Begin PBXContainerItemProxy section */
		85299B9A2A4FFFF00098256B /* PBXContainerItemProxy */ = {
			isa = PBXContainerItemProxy;
			containerPortal = 85299B802A4FFFEF0098256B /* Project object */;
			proxyType = 1;
			remoteGlobalIDString = 85299B872A4FFFEF0098256B;
			remoteInfo = Chess;
		};
		85299BA42A4FFFF10098256B /* PBXContainerItemProxy */ = {
			isa = PBXContainerItemProxy;
			containerPortal = 85299B802A4FFFEF0098256B /* Project object */;
			proxyType = 1;
			remoteGlobalIDString = 85299B872A4FFFEF0098256B;
			remoteInfo = Chess;
		};
/* End PBXContainerItemProxy section */

/* Begin PBXFileReference section */
		850C49B22A5153EE000FA96F /* MoveIsLegal.swift */ = {isa = PBXFileReference; lastKnownFileType = sourcecode.swift; path = MoveIsLegal.swift; sourceTree = "<group>"; };
		850C49B42A5157DB000FA96F /* Player.swift */ = {isa = PBXFileReference; lastKnownFileType = sourcecode.swift; path = Player.swift; sourceTree = "<group>"; };
		85299B882A4FFFEF0098256B /* Chess.app */ = {isa = PBXFileReference; explicitFileType = wrapper.application; includeInIndex = 0; path = Chess.app; sourceTree = BUILT_PRODUCTS_DIR; };
		85299B8B2A4FFFEF0098256B /* ChessApp.swift */ = {isa = PBXFileReference; lastKnownFileType = sourcecode.swift; path = ChessApp.swift; sourceTree = "<group>"; };
		85299B8D2A4FFFEF0098256B /* ContentView.swift */ = {isa = PBXFileReference; lastKnownFileType = sourcecode.swift; path = ContentView.swift; sourceTree = "<group>"; };
		85299B8F2A4FFFF00098256B /* Assets.xcassets */ = {isa = PBXFileReference; lastKnownFileType = folder.assetcatalog; path = Assets.xcassets; sourceTree = "<group>"; };
		85299B922A4FFFF00098256B /* Preview Assets.xcassets */ = {isa = PBXFileReference; lastKnownFileType = folder.assetcatalog; path = "Preview Assets.xcassets"; sourceTree = "<group>"; };
		85299B942A4FFFF00098256B /* Chess.entitlements */ = {isa = PBXFileReference; lastKnownFileType = text.plist.entitlements; path = Chess.entitlements; sourceTree = "<group>"; };
		85299B992A4FFFF00098256B /* ChessTests.xctest */ = {isa = PBXFileReference; explicitFileType = wrapper.cfbundle; includeInIndex = 0; path = ChessTests.xctest; sourceTree = BUILT_PRODUCTS_DIR; };
		85299B9D2A4FFFF00098256B /* ChessTests.swift */ = {isa = PBXFileReference; lastKnownFileType = sourcecode.swift; path = ChessTests.swift; sourceTree = "<group>"; };
		85299BA32A4FFFF10098256B /* ChessUITests.xctest */ = {isa = PBXFileReference; explicitFileType = wrapper.cfbundle; includeInIndex = 0; path = ChessUITests.xctest; sourceTree = BUILT_PRODUCTS_DIR; };
		85299BA72A4FFFF10098256B /* ChessUITests.swift */ = {isa = PBXFileReference; lastKnownFileType = sourcecode.swift; path = ChessUITests.swift; sourceTree = "<group>"; };
		85299BA92A4FFFF10098256B /* ChessUITestsLaunchTests.swift */ = {isa = PBXFileReference; lastKnownFileType = sourcecode.swift; path = ChessUITestsLaunchTests.swift; sourceTree = "<group>"; };
		85299BB62A5000150098256B /* CreateBoard.swift */ = {isa = PBXFileReference; lastKnownFileType = sourcecode.swift; path = CreateBoard.swift; sourceTree = "<group>"; };
		85299BB82A500D3B0098256B /* Piece.swift */ = {isa = PBXFileReference; lastKnownFileType = sourcecode.swift; path = Piece.swift; sourceTree = "<group>"; };
		85299BBA2A500DC30098256B /* Board.swift */ = {isa = PBXFileReference; lastKnownFileType = sourcecode.swift; path = Board.swift; sourceTree = "<group>"; };
		85299BBC2A5075E10098256B /* Int+toPiece.swift */ = {isa = PBXFileReference; lastKnownFileType = sourcecode.swift; path = "Int+toPiece.swift"; sourceTree = "<group>"; };
		85299BBE2A5076220098256B /* ChessPiece.swift */ = {isa = PBXFileReference; lastKnownFileType = sourcecode.swift; path = ChessPiece.swift; sourceTree = "<group>"; };
		85299BC02A50AE5C0098256B /* Chess.swift */ = {isa = PBXFileReference; lastKnownFileType = sourcecode.swift; path = Chess.swift; sourceTree = "<group>"; };
		85B7494E2A533E2600736201 /* MoveOffset.swift */ = {isa = PBXFileReference; lastKnownFileType = sourcecode.swift; path = MoveOffset.swift; sourceTree = "<group>"; };
		85DACE772A54828900121A9E /* Offsets.swift */ = {isa = PBXFileReference; lastKnownFileType = sourcecode.swift; path = Offsets.swift; sourceTree = "<group>"; };
/* End PBXFileReference section */

/* Begin PBXFrameworksBuildPhase section */
		85299B852A4FFFEF0098256B /* Frameworks */ = {
			isa = PBXFrameworksBuildPhase;
			buildActionMask = 2147483647;
			files = (
			);
			runOnlyForDeploymentPostprocessing = 0;
		};
		85299B962A4FFFF00098256B /* Frameworks */ = {
			isa = PBXFrameworksBuildPhase;
			buildActionMask = 2147483647;
			files = (
			);
			runOnlyForDeploymentPostprocessing = 0;
		};
		85299BA02A4FFFF10098256B /* Frameworks */ = {
			isa = PBXFrameworksBuildPhase;
			buildActionMask = 2147483647;
			files = (
			);
			runOnlyForDeploymentPostprocessing = 0;
		};
/* End PBXFrameworksBuildPhase section */

/* Begin PBXGroup section */
		85299B7F2A4FFFEF0098256B = {
			isa = PBXGroup;
			children = (
				85299B8A2A4FFFEF0098256B /* Chess */,
				85299B9C2A4FFFF00098256B /* ChessTests */,
				85299BA62A4FFFF10098256B /* ChessUITests */,
				85299B892A4FFFEF0098256B /* Products */,
			);
			sourceTree = "<group>";
		};
		85299B892A4FFFEF0098256B /* Products */ = {
			isa = PBXGroup;
			children = (
				85299B882A4FFFEF0098256B /* Chess.app */,
				85299B992A4FFFF00098256B /* ChessTests.xctest */,
				85299BA32A4FFFF10098256B /* ChessUITests.xctest */,
			);
			name = Products;
			sourceTree = "<group>";
		};
		85299B8A2A4FFFEF0098256B /* Chess */ = {
			isa = PBXGroup;
			children = (
				85299B8B2A4FFFEF0098256B /* ChessApp.swift */,
				85299B8D2A4FFFEF0098256B /* ContentView.swift */,
				85299B8F2A4FFFF00098256B /* Assets.xcassets */,
				85299B942A4FFFF00098256B /* Chess.entitlements */,
				85299B912A4FFFF00098256B /* Preview Content */,
				85299BB62A5000150098256B /* CreateBoard.swift */,
				85299BB82A500D3B0098256B /* Piece.swift */,
				85299BBA2A500DC30098256B /* Board.swift */,
				85299BBC2A5075E10098256B /* Int+toPiece.swift */,
				85299BBE2A5076220098256B /* ChessPiece.swift */,
				85299BC02A50AE5C0098256B /* Chess.swift */,
				850C49B22A5153EE000FA96F /* MoveIsLegal.swift */,
				850C49B42A5157DB000FA96F /* Player.swift */,
				85B7494E2A533E2600736201 /* MoveOffset.swift */,
				85DACE772A54828900121A9E /* Offsets.swift */,
			);
			path = Chess;
			sourceTree = "<group>";
		};
		85299B912A4FFFF00098256B /* Preview Content */ = {
			isa = PBXGroup;
			children = (
				85299B922A4FFFF00098256B /* Preview Assets.xcassets */,
			);
			path = "Preview Content";
			sourceTree = "<group>";
		};
		85299B9C2A4FFFF00098256B /* ChessTests */ = {
			isa = PBXGroup;
			children = (
				85299B9D2A4FFFF00098256B /* ChessTests.swift */,
			);
			path = ChessTests;
			sourceTree = "<group>";
		};
		85299BA62A4FFFF10098256B /* ChessUITests */ = {
			isa = PBXGroup;
			children = (
				85299BA72A4FFFF10098256B /* ChessUITests.swift */,
				85299BA92A4FFFF10098256B /* ChessUITestsLaunchTests.swift */,
			);
			path = ChessUITests;
			sourceTree = "<group>";
		};
/* End PBXGroup section */

/* Begin PBXNativeTarget section */
		85299B872A4FFFEF0098256B /* Chess */ = {
			isa = PBXNativeTarget;
			buildConfigurationList = 85299BAD2A4FFFF10098256B /* Build configuration list for PBXNativeTarget "Chess" */;
			buildPhases = (
				85299B842A4FFFEF0098256B /* Sources */,
				85299B852A4FFFEF0098256B /* Frameworks */,
				85299B862A4FFFEF0098256B /* Resources */,
				85299BC22A50C8940098256B /* Run Script */,
			);
			buildRules = (
			);
			dependencies = (
			);
			name = Chess;
			productName = Chess;
			productReference = 85299B882A4FFFEF0098256B /* Chess.app */;
			productType = "com.apple.product-type.application";
		};
		85299B982A4FFFF00098256B /* ChessTests */ = {
			isa = PBXNativeTarget;
			buildConfigurationList = 85299BB02A4FFFF10098256B /* Build configuration list for PBXNativeTarget "ChessTests" */;
			buildPhases = (
				85299B952A4FFFF00098256B /* Sources */,
				85299B962A4FFFF00098256B /* Frameworks */,
				85299B972A4FFFF00098256B /* Resources */,
			);
			buildRules = (
			);
			dependencies = (
				85299B9B2A4FFFF00098256B /* PBXTargetDependency */,
			);
			name = ChessTests;
			productName = ChessTests;
			productReference = 85299B992A4FFFF00098256B /* ChessTests.xctest */;
			productType = "com.apple.product-type.bundle.unit-test";
		};
		85299BA22A4FFFF10098256B /* ChessUITests */ = {
			isa = PBXNativeTarget;
			buildConfigurationList = 85299BB32A4FFFF10098256B /* Build configuration list for PBXNativeTarget "ChessUITests" */;
			buildPhases = (
				85299B9F2A4FFFF10098256B /* Sources */,
				85299BA02A4FFFF10098256B /* Frameworks */,
				85299BA12A4FFFF10098256B /* Resources */,
			);
			buildRules = (
			);
			dependencies = (
				85299BA52A4FFFF10098256B /* PBXTargetDependency */,
			);
			name = ChessUITests;
			productName = ChessUITests;
			productReference = 85299BA32A4FFFF10098256B /* ChessUITests.xctest */;
			productType = "com.apple.product-type.bundle.ui-testing";
		};
/* End PBXNativeTarget section */

/* Begin PBXProject section */
		85299B802A4FFFEF0098256B /* Project object */ = {
			isa = PBXProject;
			attributes = {
				BuildIndependentTargetsInParallel = 1;
				LastSwiftUpdateCheck = 1500;
				LastUpgradeCheck = 1500;
				TargetAttributes = {
					85299B872A4FFFEF0098256B = {
						CreatedOnToolsVersion = 15.0;
					};
					85299B982A4FFFF00098256B = {
						CreatedOnToolsVersion = 15.0;
						TestTargetID = 85299B872A4FFFEF0098256B;
					};
					85299BA22A4FFFF10098256B = {
						CreatedOnToolsVersion = 15.0;
						TestTargetID = 85299B872A4FFFEF0098256B;
					};
				};
			};
			buildConfigurationList = 85299B832A4FFFEF0098256B /* Build configuration list for PBXProject "Chess" */;
			compatibilityVersion = "Xcode 14.0";
			developmentRegion = en;
			hasScannedForEncodings = 0;
			knownRegions = (
				en,
				Base,
			);
			mainGroup = 85299B7F2A4FFFEF0098256B;
			productRefGroup = 85299B892A4FFFEF0098256B /* Products */;
			projectDirPath = "";
			projectRoot = "";
			targets = (
				85299B872A4FFFEF0098256B /* Chess */,
				85299B982A4FFFF00098256B /* ChessTests */,
				85299BA22A4FFFF10098256B /* ChessUITests */,
			);
		};
/* End PBXProject section */

/* Begin PBXResourcesBuildPhase section */
		85299B862A4FFFEF0098256B /* Resources */ = {
			isa = PBXResourcesBuildPhase;
			buildActionMask = 2147483647;
			files = (
				85299B932A4FFFF00098256B /* Preview Assets.xcassets in Resources */,
				85299B902A4FFFF00098256B /* Assets.xcassets in Resources */,
			);
			runOnlyForDeploymentPostprocessing = 0;
		};
		85299B972A4FFFF00098256B /* Resources */ = {
			isa = PBXResourcesBuildPhase;
			buildActionMask = 2147483647;
			files = (
			);
			runOnlyForDeploymentPostprocessing = 0;
		};
		85299BA12A4FFFF10098256B /* Resources */ = {
			isa = PBXResourcesBuildPhase;
			buildActionMask = 2147483647;
			files = (
			);
			runOnlyForDeploymentPostprocessing = 0;
		};
/* End PBXResourcesBuildPhase section */

/* Begin PBXShellScriptBuildPhase section */
		85299BC22A50C8940098256B /* Run Script */ = {
			isa = PBXShellScriptBuildPhase;
			buildActionMask = 8;
			files = (
			);
			inputFileListPaths = (
			);
			inputPaths = (
			);
			name = "Run Script";
			outputFileListPaths = (
			);
			outputPaths = (
			);
			runOnlyForDeploymentPostprocessing = 1;
			shellPath = /bin/sh;
			shellScript = "export PATH=\"$PATH:/opt/homebrew/bin\"\n\nswiftlint -- strict\n";
		};
/* End PBXShellScriptBuildPhase section */

/* Begin PBXSourcesBuildPhase section */
		85299B842A4FFFEF0098256B /* Sources */ = {
			isa = PBXSourcesBuildPhase;
			buildActionMask = 2147483647;
			files = (
				85299BBF2A5076220098256B /* ChessPiece.swift in Sources */,
				85299BB92A500D3B0098256B /* Piece.swift in Sources */,
				85299B8E2A4FFFEF0098256B /* ContentView.swift in Sources */,
				85B7494F2A533E2600736201 /* MoveOffset.swift in Sources */,
				850C49B52A5157DB000FA96F /* Player.swift in Sources */,
				85299BBB2A500DC30098256B /* Board.swift in Sources */,
				85DACE782A54828900121A9E /* Offsets.swift in Sources */,
				850C49B32A5153EE000FA96F /* MoveIsLegal.swift in Sources */,
				85299BC12A50AE5C0098256B /* Chess.swift in Sources */,
				85299BBD2A5075E10098256B /* Int+toPiece.swift in Sources */,
				85299B8C2A4FFFEF0098256B /* ChessApp.swift in Sources */,
				85299BB72A5000150098256B /* CreateBoard.swift in Sources */,
			);
			runOnlyForDeploymentPostprocessing = 0;
		};
		85299B952A4FFFF00098256B /* Sources */ = {
			isa = PBXSourcesBuildPhase;
			buildActionMask = 2147483647;
			files = (
				85299B9E2A4FFFF00098256B /* ChessTests.swift in Sources */,
			);
			runOnlyForDeploymentPostprocessing = 0;
		};
		85299B9F2A4FFFF10098256B /* Sources */ = {
			isa = PBXSourcesBuildPhase;
			buildActionMask = 2147483647;
			files = (
				85299BA82A4FFFF10098256B /* ChessUITests.swift in Sources */,
				85299BAA2A4FFFF10098256B /* ChessUITestsLaunchTests.swift in Sources */,
			);
			runOnlyForDeploymentPostprocessing = 0;
		};
/* End PBXSourcesBuildPhase section */

/* Begin PBXTargetDependency section */
		85299B9B2A4FFFF00098256B /* PBXTargetDependency */ = {
			isa = PBXTargetDependency;
			target = 85299B872A4FFFEF0098256B /* Chess */;
			targetProxy = 85299B9A2A4FFFF00098256B /* PBXContainerItemProxy */;
		};
		85299BA52A4FFFF10098256B /* PBXTargetDependency */ = {
			isa = PBXTargetDependency;
			target = 85299B872A4FFFEF0098256B /* Chess */;
			targetProxy = 85299BA42A4FFFF10098256B /* PBXContainerItemProxy */;
		};
/* End PBXTargetDependency section */

/* Begin XCBuildConfiguration section */
		85299BAB2A4FFFF10098256B /* Debug */ = {
			isa = XCBuildConfiguration;
			buildSettings = {
				ALWAYS_SEARCH_USER_PATHS = NO;
				ASSETCATALOG_COMPILER_GENERATE_SWIFT_ASSET_SYMBOL_EXTENSIONS = YES;
				CLANG_ANALYZER_NONNULL = YES;
				CLANG_ANALYZER_NUMBER_OBJECT_CONVERSION = YES_AGGRESSIVE;
				CLANG_CXX_LANGUAGE_STANDARD = "gnu++20";
				CLANG_ENABLE_MODULES = YES;
				CLANG_ENABLE_OBJC_ARC = YES;
				CLANG_ENABLE_OBJC_WEAK = YES;
				CLANG_WARN_BLOCK_CAPTURE_AUTORELEASING = YES;
				CLANG_WARN_BOOL_CONVERSION = YES;
				CLANG_WARN_COMMA = YES;
				CLANG_WARN_CONSTANT_CONVERSION = YES;
				CLANG_WARN_DEPRECATED_OBJC_IMPLEMENTATIONS = YES;
				CLANG_WARN_DIRECT_OBJC_ISA_USAGE = YES_ERROR;
				CLANG_WARN_DOCUMENTATION_COMMENTS = YES;
				CLANG_WARN_EMPTY_BODY = YES;
				CLANG_WARN_ENUM_CONVERSION = YES;
				CLANG_WARN_INFINITE_RECURSION = YES;
				CLANG_WARN_INT_CONVERSION = YES;
				CLANG_WARN_NON_LITERAL_NULL_CONVERSION = YES;
				CLANG_WARN_OBJC_IMPLICIT_RETAIN_SELF = YES;
				CLANG_WARN_OBJC_LITERAL_CONVERSION = YES;
				CLANG_WARN_OBJC_ROOT_CLASS = YES_ERROR;
				CLANG_WARN_QUOTED_INCLUDE_IN_FRAMEWORK_HEADER = YES;
				CLANG_WARN_RANGE_LOOP_ANALYSIS = YES;
				CLANG_WARN_STRICT_PROTOTYPES = YES;
				CLANG_WARN_SUSPICIOUS_MOVE = YES;
				CLANG_WARN_UNGUARDED_AVAILABILITY = YES_AGGRESSIVE;
				CLANG_WARN_UNREACHABLE_CODE = YES;
				CLANG_WARN__DUPLICATE_METHOD_MATCH = YES;
				COPY_PHASE_STRIP = NO;
				DEBUG_INFORMATION_FORMAT = dwarf;
				ENABLE_STRICT_OBJC_MSGSEND = YES;
				ENABLE_TESTABILITY = YES;
				ENABLE_USER_SCRIPT_SANDBOXING = YES;
				GCC_C_LANGUAGE_STANDARD = gnu17;
				GCC_DYNAMIC_NO_PIC = NO;
				GCC_NO_COMMON_BLOCKS = YES;
				GCC_OPTIMIZATION_LEVEL = 0;
				GCC_PREPROCESSOR_DEFINITIONS = (
					"DEBUG=1",
					"$(inherited)",
				);
				GCC_WARN_64_TO_32_BIT_CONVERSION = YES;
				GCC_WARN_ABOUT_RETURN_TYPE = YES_ERROR;
				GCC_WARN_UNDECLARED_SELECTOR = YES;
				GCC_WARN_UNINITIALIZED_AUTOS = YES_AGGRESSIVE;
				GCC_WARN_UNUSED_FUNCTION = YES;
				GCC_WARN_UNUSED_VARIABLE = YES;
				LOCALIZATION_PREFERS_STRING_CATALOGS = YES;
				MACOSX_DEPLOYMENT_TARGET = 14.0;
				MTL_ENABLE_DEBUG_INFO = INCLUDE_SOURCE;
				MTL_FAST_MATH = YES;
				ONLY_ACTIVE_ARCH = YES;
				SDKROOT = macosx;
				SWIFT_ACTIVE_COMPILATION_CONDITIONS = "DEBUG $(inherited)";
				SWIFT_OPTIMIZATION_LEVEL = "-Onone";
			};
			name = Debug;
		};
		85299BAC2A4FFFF10098256B /* Release */ = {
			isa = XCBuildConfiguration;
			buildSettings = {
				ALWAYS_SEARCH_USER_PATHS = NO;
				ASSETCATALOG_COMPILER_GENERATE_SWIFT_ASSET_SYMBOL_EXTENSIONS = YES;
				CLANG_ANALYZER_NONNULL = YES;
				CLANG_ANALYZER_NUMBER_OBJECT_CONVERSION = YES_AGGRESSIVE;
				CLANG_CXX_LANGUAGE_STANDARD = "gnu++20";
				CLANG_ENABLE_MODULES = YES;
				CLANG_ENABLE_OBJC_ARC = YES;
				CLANG_ENABLE_OBJC_WEAK = YES;
				CLANG_WARN_BLOCK_CAPTURE_AUTORELEASING = YES;
				CLANG_WARN_BOOL_CONVERSION = YES;
				CLANG_WARN_COMMA = YES;
				CLANG_WARN_CONSTANT_CONVERSION = YES;
				CLANG_WARN_DEPRECATED_OBJC_IMPLEMENTATIONS = YES;
				CLANG_WARN_DIRECT_OBJC_ISA_USAGE = YES_ERROR;
				CLANG_WARN_DOCUMENTATION_COMMENTS = YES;
				CLANG_WARN_EMPTY_BODY = YES;
				CLANG_WARN_ENUM_CONVERSION = YES;
				CLANG_WARN_INFINITE_RECURSION = YES;
				CLANG_WARN_INT_CONVERSION = YES;
				CLANG_WARN_NON_LITERAL_NULL_CONVERSION = YES;
				CLANG_WARN_OBJC_IMPLICIT_RETAIN_SELF = YES;
				CLANG_WARN_OBJC_LITERAL_CONVERSION = YES;
				CLANG_WARN_OBJC_ROOT_CLASS = YES_ERROR;
				CLANG_WARN_QUOTED_INCLUDE_IN_FRAMEWORK_HEADER = YES;
				CLANG_WARN_RANGE_LOOP_ANALYSIS = YES;
				CLANG_WARN_STRICT_PROTOTYPES = YES;
				CLANG_WARN_SUSPICIOUS_MOVE = YES;
				CLANG_WARN_UNGUARDED_AVAILABILITY = YES_AGGRESSIVE;
				CLANG_WARN_UNREACHABLE_CODE = YES;
				CLANG_WARN__DUPLICATE_METHOD_MATCH = YES;
				COPY_PHASE_STRIP = NO;
				DEBUG_INFORMATION_FORMAT = "dwarf-with-dsym";
				ENABLE_NS_ASSERTIONS = NO;
				ENABLE_STRICT_OBJC_MSGSEND = YES;
				ENABLE_USER_SCRIPT_SANDBOXING = YES;
				GCC_C_LANGUAGE_STANDARD = gnu17;
				GCC_NO_COMMON_BLOCKS = YES;
				GCC_WARN_64_TO_32_BIT_CONVERSION = YES;
				GCC_WARN_ABOUT_RETURN_TYPE = YES_ERROR;
				GCC_WARN_UNDECLARED_SELECTOR = YES;
				GCC_WARN_UNINITIALIZED_AUTOS = YES_AGGRESSIVE;
				GCC_WARN_UNUSED_FUNCTION = YES;
				GCC_WARN_UNUSED_VARIABLE = YES;
				LOCALIZATION_PREFERS_STRING_CATALOGS = YES;
				MACOSX_DEPLOYMENT_TARGET = 14.0;
				MTL_ENABLE_DEBUG_INFO = NO;
				MTL_FAST_MATH = YES;
				SDKROOT = macosx;
				SWIFT_COMPILATION_MODE = wholemodule;
			};
			name = Release;
		};
		85299BAE2A4FFFF10098256B /* Debug */ = {
			isa = XCBuildConfiguration;
			buildSettings = {
				ASSETCATALOG_COMPILER_APPICON_NAME = AppIcon;
				ASSETCATALOG_COMPILER_GLOBAL_ACCENT_COLOR_NAME = AccentColor;
				CODE_SIGN_ENTITLEMENTS = Chess/Chess.entitlements;
				CODE_SIGN_STYLE = Automatic;
				COMBINE_HIDPI_IMAGES = YES;
				CURRENT_PROJECT_VERSION = 1;
				DEVELOPMENT_ASSET_PATHS = "\"Chess/Preview Content\"";
				ENABLE_PREVIEWS = YES;
				GENERATE_INFOPLIST_FILE = YES;
				INFOPLIST_KEY_NSHumanReadableCopyright = "";
				LD_RUNPATH_SEARCH_PATHS = (
					"$(inherited)",
					"@executable_path/../Frameworks",
				);
				MARKETING_VERSION = 1.0;
				PRODUCT_BUNDLE_IDENTIFIER = RaymondVleeshouwer.Chess;
				PRODUCT_NAME = "$(TARGET_NAME)";
				SWIFT_EMIT_LOC_STRINGS = YES;
				SWIFT_VERSION = 5.0;
			};
			name = Debug;
		};
		85299BAF2A4FFFF10098256B /* Release */ = {
			isa = XCBuildConfiguration;
			buildSettings = {
				ASSETCATALOG_COMPILER_APPICON_NAME = AppIcon;
				ASSETCATALOG_COMPILER_GLOBAL_ACCENT_COLOR_NAME = AccentColor;
				CODE_SIGN_ENTITLEMENTS = Chess/Chess.entitlements;
				CODE_SIGN_STYLE = Automatic;
				COMBINE_HIDPI_IMAGES = YES;
				CURRENT_PROJECT_VERSION = 1;
				DEVELOPMENT_ASSET_PATHS = "\"Chess/Preview Content\"";
				ENABLE_PREVIEWS = YES;
				GENERATE_INFOPLIST_FILE = YES;
				INFOPLIST_KEY_NSHumanReadableCopyright = "";
				LD_RUNPATH_SEARCH_PATHS = (
					"$(inherited)",
					"@executable_path/../Frameworks",
				);
				MARKETING_VERSION = 1.0;
				PRODUCT_BUNDLE_IDENTIFIER = RaymondVleeshouwer.Chess;
				PRODUCT_NAME = "$(TARGET_NAME)";
				SWIFT_EMIT_LOC_STRINGS = YES;
				SWIFT_VERSION = 5.0;
			};
			name = Release;
		};
		85299BB12A4FFFF10098256B /* Debug */ = {
			isa = XCBuildConfiguration;
			buildSettings = {
				ALWAYS_EMBED_SWIFT_STANDARD_LIBRARIES = YES;
				BUNDLE_LOADER = "$(TEST_HOST)";
				CODE_SIGN_STYLE = Automatic;
				CURRENT_PROJECT_VERSION = 1;
				GENERATE_INFOPLIST_FILE = YES;
				MACOSX_DEPLOYMENT_TARGET = 14.0;
				MARKETING_VERSION = 1.0;
				PRODUCT_BUNDLE_IDENTIFIER = RaymondVleeshouwer.ChessTests;
				PRODUCT_NAME = "$(TARGET_NAME)";
				SWIFT_EMIT_LOC_STRINGS = NO;
				SWIFT_VERSION = 5.0;
				TEST_HOST = "$(BUILT_PRODUCTS_DIR)/Chess.app/$(BUNDLE_EXECUTABLE_FOLDER_PATH)/Chess";
			};
			name = Debug;
		};
		85299BB22A4FFFF10098256B /* Release */ = {
			isa = XCBuildConfiguration;
			buildSettings = {
				ALWAYS_EMBED_SWIFT_STANDARD_LIBRARIES = YES;
				BUNDLE_LOADER = "$(TEST_HOST)";
				CODE_SIGN_STYLE = Automatic;
				CURRENT_PROJECT_VERSION = 1;
				GENERATE_INFOPLIST_FILE = YES;
				MACOSX_DEPLOYMENT_TARGET = 14.0;
				MARKETING_VERSION = 1.0;
				PRODUCT_BUNDLE_IDENTIFIER = RaymondVleeshouwer.ChessTests;
				PRODUCT_NAME = "$(TARGET_NAME)";
				SWIFT_EMIT_LOC_STRINGS = NO;
				SWIFT_VERSION = 5.0;
				TEST_HOST = "$(BUILT_PRODUCTS_DIR)/Chess.app/$(BUNDLE_EXECUTABLE_FOLDER_PATH)/Chess";
			};
			name = Release;
		};
		85299BB42A4FFFF10098256B /* Debug */ = {
			isa = XCBuildConfiguration;
			buildSettings = {
				ALWAYS_EMBED_SWIFT_STANDARD_LIBRARIES = YES;
				CODE_SIGN_STYLE = Automatic;
				CURRENT_PROJECT_VERSION = 1;
				GENERATE_INFOPLIST_FILE = YES;
				MARKETING_VERSION = 1.0;
				PRODUCT_BUNDLE_IDENTIFIER = RaymondVleeshouwer.ChessUITests;
				PRODUCT_NAME = "$(TARGET_NAME)";
				SWIFT_EMIT_LOC_STRINGS = NO;
				SWIFT_VERSION = 5.0;
				TEST_TARGET_NAME = Chess;
			};
			name = Debug;
		};
		85299BB52A4FFFF10098256B /* Release */ = {
			isa = XCBuildConfiguration;
			buildSettings = {
				ALWAYS_EMBED_SWIFT_STANDARD_LIBRARIES = YES;
				CODE_SIGN_STYLE = Automatic;
				CURRENT_PROJECT_VERSION = 1;
				GENERATE_INFOPLIST_FILE = YES;
				MARKETING_VERSION = 1.0;
				PRODUCT_BUNDLE_IDENTIFIER = RaymondVleeshouwer.ChessUITests;
				PRODUCT_NAME = "$(TARGET_NAME)";
				SWIFT_EMIT_LOC_STRINGS = NO;
				SWIFT_VERSION = 5.0;
				TEST_TARGET_NAME = Chess;
			};
			name = Release;
		};
/* End XCBuildConfiguration section */

/* Begin XCConfigurationList section */
		85299B832A4FFFEF0098256B /* Build configuration list for PBXProject "Chess" */ = {
			isa = XCConfigurationList;
			buildConfigurations = (
				85299BAB2A4FFFF10098256B /* Debug */,
				85299BAC2A4FFFF10098256B /* Release */,
			);
			defaultConfigurationIsVisible = 0;
			defaultConfigurationName = Release;
		};
		85299BAD2A4FFFF10098256B /* Build configuration list for PBXNativeTarget "Chess" */ = {
			isa = XCConfigurationList;
			buildConfigurations = (
				85299BAE2A4FFFF10098256B /* Debug */,
				85299BAF2A4FFFF10098256B /* Release */,
			);
			defaultConfigurationIsVisible = 0;
			defaultConfigurationName = Release;
		};
		85299BB02A4FFFF10098256B /* Build configuration list for PBXNativeTarget "ChessTests" */ = {
			isa = XCConfigurationList;
			buildConfigurations = (
				85299BB12A4FFFF10098256B /* Debug */,
				85299BB22A4FFFF10098256B /* Release */,
			);
			defaultConfigurationIsVisible = 0;
			defaultConfigurationName = Release;
		};
		85299BB32A4FFFF10098256B /* Build configuration list for PBXNativeTarget "ChessUITests" */ = {
			isa = XCConfigurationList;
			buildConfigurations = (
				85299BB42A4FFFF10098256B /* Debug */,
				85299BB52A4FFFF10098256B /* Release */,
			);
			defaultConfigurationIsVisible = 0;
			defaultConfigurationName = Release;
		};
/* End XCConfigurationList section */
	};
	rootObject = 85299B802A4FFFEF0098256B /* Project object */;
}
